{
	"name": "mumbi",
	"version": "1.0.0",
	"lockfileVersion": 3,
	"requires": true,
	"packages": {
		"": {
			"name": "mumbi",
			"version": "1.0.0",
			"license": "MIT",
			"workspaces": [
				"apps/*",
				"packages/*"
			],
			"devDependencies": {
				"@biomejs/biome": "^1.9.4",
				"turbo": "^2.2.3",
				"typescript": "^5.1.3"
			},
			"engines": {
				"node": "20"
			}
		},
		"node_modules/@biomejs/biome": {
			"version": "1.9.4",
			"resolved": "https://registry.npmjs.org/@biomejs/biome/-/biome-1.9.4.tgz",
			"integrity": "sha512-1rkd7G70+o9KkTn5KLmDYXihGoTaIGO9PIIN2ZB7UJxFrWw04CZHPYiMRjYsaDvVV7hP1dYNRLxSANLaBFGpog==",
			"dev": true,
			"hasInstallScript": true,
			"license": "MIT OR Apache-2.0",
			"bin": {
				"biome": "bin/biome"
			},
			"engines": {
				"node": ">=14.21.3"
			},
			"funding": {
				"type": "opencollective",
				"url": "https://opencollective.com/biome"
			},
			"optionalDependencies": {
				"@biomejs/cli-darwin-arm64": "1.9.4",
				"@biomejs/cli-darwin-x64": "1.9.4",
				"@biomejs/cli-linux-arm64": "1.9.4",
				"@biomejs/cli-linux-arm64-musl": "1.9.4",
				"@biomejs/cli-linux-x64": "1.9.4",
				"@biomejs/cli-linux-x64-musl": "1.9.4",
				"@biomejs/cli-win32-arm64": "1.9.4",
				"@biomejs/cli-win32-x64": "1.9.4"
			}
		},
		"node_modules/@biomejs/cli-darwin-arm64": {
			"version": "1.9.4",
			"resolved": "https://registry.npmjs.org/@biomejs/cli-darwin-arm64/-/cli-darwin-arm64-1.9.4.tgz",
			"integrity": "sha512-bFBsPWrNvkdKrNCYeAp+xo2HecOGPAy9WyNyB/jKnnedgzl4W4Hb9ZMzYNbf8dMCGmUdSavlYHiR01QaYR58cw==",
			"cpu": [
				"arm64"
			],
			"dev": true,
			"license": "MIT OR Apache-2.0",
			"optional": true,
			"os": [
				"darwin"
			],
			"engines": {
				"node": ">=14.21.3"
			}
		},
		"node_modules/@biomejs/cli-darwin-x64": {
			"version": "1.9.4",
			"resolved": "https://registry.npmjs.org/@biomejs/cli-darwin-x64/-/cli-darwin-x64-1.9.4.tgz",
			"integrity": "sha512-ngYBh/+bEedqkSevPVhLP4QfVPCpb+4BBe2p7Xs32dBgs7rh9nY2AIYUL6BgLw1JVXV8GlpKmb/hNiuIxfPfZg==",
			"cpu": [
				"x64"
			],
			"dev": true,
			"license": "MIT OR Apache-2.0",
			"optional": true,
			"os": [
				"darwin"
			],
			"engines": {
				"node": ">=14.21.3"
			}
		},
		"node_modules/@biomejs/cli-linux-arm64": {
			"version": "1.9.4",
			"resolved": "https://registry.npmjs.org/@biomejs/cli-linux-arm64/-/cli-linux-arm64-1.9.4.tgz",
			"integrity": "sha512-fJIW0+LYujdjUgJJuwesP4EjIBl/N/TcOX3IvIHJQNsAqvV2CHIogsmA94BPG6jZATS4Hi+xv4SkBBQSt1N4/g==",
			"cpu": [
				"arm64"
			],
			"dev": true,
			"license": "MIT OR Apache-2.0",
			"optional": true,
			"os": [
				"linux"
			],
			"engines": {
				"node": ">=14.21.3"
			}
		},
		"node_modules/@biomejs/cli-linux-arm64-musl": {
			"version": "1.9.4",
			"resolved": "https://registry.npmjs.org/@biomejs/cli-linux-arm64-musl/-/cli-linux-arm64-musl-1.9.4.tgz",
			"integrity": "sha512-v665Ct9WCRjGa8+kTr0CzApU0+XXtRgwmzIf1SeKSGAv+2scAlW6JR5PMFo6FzqqZ64Po79cKODKf3/AAmECqA==",
			"cpu": [
				"arm64"
			],
			"dev": true,
			"license": "MIT OR Apache-2.0",
			"optional": true,
			"os": [
				"linux"
			],
			"engines": {
				"node": ">=14.21.3"
			}
		},
		"node_modules/@biomejs/cli-linux-x64": {
			"version": "1.9.4",
			"resolved": "https://registry.npmjs.org/@biomejs/cli-linux-x64/-/cli-linux-x64-1.9.4.tgz",
			"integrity": "sha512-lRCJv/Vi3Vlwmbd6K+oQ0KhLHMAysN8lXoCI7XeHlxaajk06u7G+UsFSO01NAs5iYuWKmVZjmiOzJ0OJmGsMwg==",
			"cpu": [
				"x64"
			],
			"dev": true,
			"license": "MIT OR Apache-2.0",
			"optional": true,
			"os": [
				"linux"
			],
			"engines": {
				"node": ">=14.21.3"
			}
		},
		"node_modules/@biomejs/cli-linux-x64-musl": {
			"version": "1.9.4",
			"resolved": "https://registry.npmjs.org/@biomejs/cli-linux-x64-musl/-/cli-linux-x64-musl-1.9.4.tgz",
			"integrity": "sha512-gEhi/jSBhZ2m6wjV530Yy8+fNqG8PAinM3oV7CyO+6c3CEh16Eizm21uHVsyVBEB6RIM8JHIl6AGYCv6Q6Q9Tg==",
			"cpu": [
				"x64"
			],
			"dev": true,
			"license": "MIT OR Apache-2.0",
			"optional": true,
			"os": [
				"linux"
			],
			"engines": {
				"node": ">=14.21.3"
			}
		},
		"node_modules/@biomejs/cli-win32-arm64": {
			"version": "1.9.4",
			"resolved": "https://registry.npmjs.org/@biomejs/cli-win32-arm64/-/cli-win32-arm64-1.9.4.tgz",
			"integrity": "sha512-tlbhLk+WXZmgwoIKwHIHEBZUwxml7bRJgk0X2sPyNR3S93cdRq6XulAZRQJ17FYGGzWne0fgrXBKpl7l4M87Hg==",
			"cpu": [
				"arm64"
			],
			"dev": true,
			"license": "MIT OR Apache-2.0",
			"optional": true,
			"os": [
				"win32"
			],
			"engines": {
				"node": ">=14.21.3"
			}
		},
		"node_modules/@biomejs/cli-win32-x64": {
			"version": "1.9.4",
			"resolved": "https://registry.npmjs.org/@biomejs/cli-win32-x64/-/cli-win32-x64-1.9.4.tgz",
			"integrity": "sha512-8Y5wMhVIPaWe6jw2H+KlEm4wP/f7EW3810ZLmDlrEEy5KvBsb9ECEfu/kMWD484ijfQ8+nIi0giMgu9g1UAuuA==",
			"cpu": [
				"x64"
			],
			"dev": true,
			"license": "MIT OR Apache-2.0",
			"optional": true,
			"os": [
				"win32"
			],
			"engines": {
				"node": ">=14.21.3"
			}
		},
		"node_modules/turbo": {
			"version": "2.2.3",
			"resolved": "https://registry.npmjs.org/turbo/-/turbo-2.2.3.tgz",
			"integrity": "sha512-5lDvSqIxCYJ/BAd6rQGK/AzFRhBkbu4JHVMLmGh/hCb7U3CqSnr5Tjwfy9vc+/5wG2DJ6wttgAaA7MoCgvBKZQ==",
			"dev": true,
			"license": "MIT",
			"bin": {
				"turbo": "bin/turbo"
			},
			"optionalDependencies": {
				"turbo-darwin-64": "2.2.3",
				"turbo-darwin-arm64": "2.2.3",
				"turbo-linux-64": "2.2.3",
				"turbo-linux-arm64": "2.2.3",
				"turbo-windows-64": "2.2.3",
				"turbo-windows-arm64": "2.2.3"
			}
		},
		"node_modules/turbo-darwin-64": {
			"version": "2.2.3",
			"resolved": "https://registry.npmjs.org/turbo-darwin-64/-/turbo-darwin-64-2.2.3.tgz",
			"integrity": "sha512-Rcm10CuMKQGcdIBS3R/9PMeuYnv6beYIHqfZFeKWVYEWH69sauj4INs83zKMTUiZJ3/hWGZ4jet9AOwhsssLyg==",
			"cpu": [
				"x64"
			],
			"dev": true,
			"license": "MIT",
			"optional": true,
			"os": [
				"darwin"
			]
		},
		"node_modules/turbo-darwin-arm64": {
			"version": "2.2.3",
			"resolved": "https://registry.npmjs.org/turbo-darwin-arm64/-/turbo-darwin-arm64-2.2.3.tgz",
			"integrity": "sha512-+EIMHkuLFqUdJYsA3roj66t9+9IciCajgj+DVek+QezEdOJKcRxlvDOS2BUaeN8kEzVSsNiAGnoysFWYw4K0HA==",
			"cpu": [
				"arm64"
			],
			"dev": true,
			"license": "MIT",
			"optional": true,
			"os": [
				"darwin"
			]
		},
		"node_modules/turbo-linux-64": {
			"version": "2.2.3",
			"resolved": "https://registry.npmjs.org/turbo-linux-64/-/turbo-linux-64-2.2.3.tgz",
			"integrity": "sha512-UBhJCYnqtaeOBQLmLo8BAisWbc9v9daL9G8upLR+XGj6vuN/Nz6qUAhverN4Pyej1g4Nt1BhROnj6GLOPYyqxQ==",
			"cpu": [
				"x64"
			],
			"dev": true,
			"license": "MIT",
			"optional": true,
			"os": [
				"linux"
			]
		},
		"node_modules/turbo-linux-arm64": {
			"version": "2.2.3",
			"resolved": "https://registry.npmjs.org/turbo-linux-arm64/-/turbo-linux-arm64-2.2.3.tgz",
			"integrity": "sha512-hJYT9dN06XCQ3jBka/EWvvAETnHRs3xuO/rb5bESmDfG+d9yQjeTMlhRXKrr4eyIMt6cLDt1LBfyi+6CQ+VAwQ==",
			"cpu": [
				"arm64"
			],
			"dev": true,
			"license": "MIT",
			"optional": true,
			"os": [
				"linux"
			]
		},
		"node_modules/turbo-windows-64": {
			"version": "2.2.3",
			"resolved": "https://registry.npmjs.org/turbo-windows-64/-/turbo-windows-64-2.2.3.tgz",
			"integrity": "sha512-NPrjacrZypMBF31b4HE4ROg4P3nhMBPHKS5WTpMwf7wydZ8uvdEHpESVNMOtqhlp857zbnKYgP+yJF30H3N2dQ==",
			"cpu": [
				"x64"
			],
			"dev": true,
			"license": "MIT",
			"optional": true,
			"os": [
				"win32"
			]
		},
		"node_modules/turbo-windows-arm64": {
			"version": "2.2.3",
			"resolved": "https://registry.npmjs.org/turbo-windows-arm64/-/turbo-windows-arm64-2.2.3.tgz",
			"integrity": "sha512-fnNrYBCqn6zgKPKLHu4sOkihBI/+0oYFr075duRxqUZ+1aLWTAGfHZLgjVeLh3zR37CVzuerGIPWAEkNhkWEIw==",
			"cpu": [
				"arm64"
			],
			"dev": true,
			"license": "MIT",
			"optional": true,
			"os": [
				"win32"
			]
		},
		"node_modules/typescript": {
			"version": "5.1.3",
			"resolved": "https://registry.npmjs.org/typescript/-/typescript-5.1.3.tgz",
			"integrity": "sha512-XH627E9vkeqhlZFQuL+UsyAXEnibT0kWR2FWONlr4sTjvxyJYnyefgrkyECLzM5NenmKzRAy2rR/OlYLA1HkZw==",
			"dev": true,
			"license": "Apache-2.0",
			"bin": {
				"tsc": "bin/tsc",
				"tsserver": "bin/tsserver"
			},
			"engines": {
				"node": ">=14.17"
			}
		}
	}
}
